// !$*UTF8*$!
{
	archiveVersion = 1;
	classes = {
	};
	objectVersion = 46;
	objects = {

/* Begin PBXBuildFile section */
		3D04F1651C67E4AA0012A93B /* Additions.swift in Sources */ = {isa = PBXBuildFile; fileRef = 3D04F1641C67E4AA0012A93B /* Additions.swift */; };
		3D11E8111C6563120012E981 /* HomeViewController.swift in Sources */ = {isa = PBXBuildFile; fileRef = 3D11E8101C6563120012E981 /* HomeViewController.swift */; };
		3D11E8131C65631A0012E981 /* NewItemViewController.swift in Sources */ = {isa = PBXBuildFile; fileRef = 3D11E8121C65631A0012E981 /* NewItemViewController.swift */; };
		3DDA1EDA1C65604200DF6404 /* AppDelegate.swift in Sources */ = {isa = PBXBuildFile; fileRef = 3DDA1ED91C65604200DF6404 /* AppDelegate.swift */; };
		3DDA1EDF1C65604200DF6404 /* Main.storyboard in Resources */ = {isa = PBXBuildFile; fileRef = 3DDA1EDD1C65604200DF6404 /* Main.storyboard */; };
		3DDA1EE11C65604200DF6404 /* Assets.xcassets in Resources */ = {isa = PBXBuildFile; fileRef = 3DDA1EE01C65604200DF6404 /* Assets.xcassets */; };
		3DDA1EE41C65604200DF6404 /* LaunchScreen.storyboard in Resources */ = {isa = PBXBuildFile; fileRef = 3DDA1EE21C65604200DF6404 /* LaunchScreen.storyboard */; };
		3DDA1EEF1C65604200DF6404 /* MyToDoAppTests.swift in Sources */ = {isa = PBXBuildFile; fileRef = 3DDA1EEE1C65604200DF6404 /* MyToDoAppTests.swift */; };
		3DDA1EFA1C65604200DF6404 /* MyToDoAppUITests.swift in Sources */ = {isa = PBXBuildFile; fileRef = 3DDA1EF91C65604200DF6404 /* MyToDoAppUITests.swift */; };
		3DDA1F111C65620500DF6404 /* BaseClass.swift in Sources */ = {isa = PBXBuildFile; fileRef = 3DDA1F101C65620500DF6404 /* BaseClass.swift */; };
		3DDA1F131C65621F00DF6404 /* ToDoItems.swift in Sources */ = {isa = PBXBuildFile; fileRef = 3DDA1F121C65621F00DF6404 /* ToDoItems.swift */; };
		3DDA1F151C65622D00DF6404 /* Store.swift in Sources */ = {isa = PBXBuildFile; fileRef = 3DDA1F141C65622D00DF6404 /* Store.swift */; };
		3DDA1F171C6562A200DF6404 /* ObjectsProtocol.swift in Sources */ = {isa = PBXBuildFile; fileRef = 3DDA1F161C6562A200DF6404 /* ObjectsProtocol.swift */; };
/* End PBXBuildFile section */

/* Begin PBXContainerItemProxy section */
		3DDA1EEB1C65604200DF6404 /* PBXContainerItemProxy */ = {
			isa = PBXContainerItemProxy;
			containerPortal = 3DDA1ECE1C65604200DF6404 /* Project object */;
			proxyType = 1;
			remoteGlobalIDString = 3DDA1ED51C65604200DF6404;
			remoteInfo = MyToDoApp;
		};
		3DDA1EF61C65604200DF6404 /* PBXContainerItemProxy */ = {
			isa = PBXContainerItemProxy;
			containerPortal = 3DDA1ECE1C65604200DF6404 /* Project object */;
			proxyType = 1;
			remoteGlobalIDString = 3DDA1ED51C65604200DF6404;
			remoteInfo = MyToDoApp;
		};
/* End PBXContainerItemProxy section */

/* Begin PBXFileReference section */
		3D04F1641C67E4AA0012A93B /* Additions.swift */ = {isa = PBXFileReference; fileEncoding = 4; lastKnownFileType = sourcecode.swift; path = Additions.swift; sourceTree = "<group>"; };
		3D11E8101C6563120012E981 /* HomeViewController.swift */ = {isa = PBXFileReference; fileEncoding = 4; lastKnownFileType = sourcecode.swift; path = HomeViewController.swift; sourceTree = "<group>"; };
		3D11E8121C65631A0012E981 /* NewItemViewController.swift */ = {isa = PBXFileReference; fileEncoding = 4; lastKnownFileType = sourcecode.swift; path = NewItemViewController.swift; sourceTree = "<group>"; };
		3DDA1ED61C65604200DF6404 /* MyToDoApp.app */ = {isa = PBXFileReference; explicitFileType = wrapper.application; includeInIndex = 0; path = MyToDoApp.app; sourceTree = BUILT_PRODUCTS_DIR; };
		3DDA1ED91C65604200DF6404 /* AppDelegate.swift */ = {isa = PBXFileReference; lastKnownFileType = sourcecode.swift; path = AppDelegate.swift; sourceTree = "<group>"; };
		3DDA1EDE1C65604200DF6404 /* Base */ = {isa = PBXFileReference; lastKnownFileType = file.storyboard; name = Base; path = Base.lproj/Main.storyboard; sourceTree = "<group>"; };
		3DDA1EE01C65604200DF6404 /* Assets.xcassets */ = {isa = PBXFileReference; lastKnownFileType = folder.assetcatalog; path = Assets.xcassets; sourceTree = "<group>"; };
		3DDA1EE31C65604200DF6404 /* Base */ = {isa = PBXFileReference; lastKnownFileType = file.storyboard; name = Base; path = Base.lproj/LaunchScreen.storyboard; sourceTree = "<group>"; };
		3DDA1EE51C65604200DF6404 /* Info.plist */ = {isa = PBXFileReference; lastKnownFileType = text.plist.xml; path = Info.plist; sourceTree = "<group>"; };
		3DDA1EEA1C65604200DF6404 /* MyToDoAppTests.xctest */ = {isa = PBXFileReference; explicitFileType = wrapper.cfbundle; includeInIndex = 0; path = MyToDoAppTests.xctest; sourceTree = BUILT_PRODUCTS_DIR; };
		3DDA1EEE1C65604200DF6404 /* MyToDoAppTests.swift */ = {isa = PBXFileReference; lastKnownFileType = sourcecode.swift; path = MyToDoAppTests.swift; sourceTree = "<group>"; };
		3DDA1EF01C65604200DF6404 /* Info.plist */ = {isa = PBXFileReference; lastKnownFileType = text.plist.xml; path = Info.plist; sourceTree = "<group>"; };
		3DDA1EF51C65604200DF6404 /* MyToDoAppUITests.xctest */ = {isa = PBXFileReference; explicitFileType = wrapper.cfbundle; includeInIndex = 0; path = MyToDoAppUITests.xctest; sourceTree = BUILT_PRODUCTS_DIR; };
		3DDA1EF91C65604200DF6404 /* MyToDoAppUITests.swift */ = {isa = PBXFileReference; lastKnownFileType = sourcecode.swift; path = MyToDoAppUITests.swift; sourceTree = "<group>"; };
		3DDA1EFB1C65604200DF6404 /* Info.plist */ = {isa = PBXFileReference; lastKnownFileType = text.plist.xml; path = Info.plist; sourceTree = "<group>"; };
		3DDA1F101C65620500DF6404 /* BaseClass.swift */ = {isa = PBXFileReference; fileEncoding = 4; lastKnownFileType = sourcecode.swift; path = BaseClass.swift; sourceTree = "<group>"; };
		3DDA1F121C65621F00DF6404 /* ToDoItems.swift */ = {isa = PBXFileReference; fileEncoding = 4; lastKnownFileType = sourcecode.swift; path = ToDoItems.swift; sourceTree = "<group>"; };
		3DDA1F141C65622D00DF6404 /* Store.swift */ = {isa = PBXFileReference; fileEncoding = 4; lastKnownFileType = sourcecode.swift; path = Store.swift; sourceTree = "<group>"; };
		3DDA1F161C6562A200DF6404 /* ObjectsProtocol.swift */ = {isa = PBXFileReference; fileEncoding = 4; lastKnownFileType = sourcecode.swift; path = ObjectsProtocol.swift; sourceTree = "<group>"; };
/* End PBXFileReference section */

/* Begin PBXFrameworksBuildPhase section */
		3DDA1ED31C65604200DF6404 /* Frameworks */ = {
			isa = PBXFrameworksBuildPhase;
			buildActionMask = 2147483647;
			files = (
			);
			runOnlyForDeploymentPostprocessing = 0;
		};
		3DDA1EE71C65604200DF6404 /* Frameworks */ = {
			isa = PBXFrameworksBuildPhase;
			buildActionMask = 2147483647;
			files = (
			);
			runOnlyForDeploymentPostprocessing = 0;
		};
		3DDA1EF21C65604200DF6404 /* Frameworks */ = {
			isa = PBXFrameworksBuildPhase;
			buildActionMask = 2147483647;
			files = (
			);
			runOnlyForDeploymentPostprocessing = 0;
		};
/* End PBXFrameworksBuildPhase section */

/* Begin PBXGroup section */
		3DDA1ECD1C65604200DF6404 = {
			isa = PBXGroup;
			children = (
				3DDA1ED81C65604200DF6404 /* MyToDoApp */,
				3DDA1EED1C65604200DF6404 /* MyToDoAppTests */,
				3DDA1EF81C65604200DF6404 /* MyToDoAppUITests */,
				3DDA1ED71C65604200DF6404 /* Products */,
			);
			sourceTree = "<group>";
		};
		3DDA1ED71C65604200DF6404 /* Products */ = {
			isa = PBXGroup;
			children = (
				3DDA1ED61C65604200DF6404 /* MyToDoApp.app */,
				3DDA1EEA1C65604200DF6404 /* MyToDoAppTests.xctest */,
				3DDA1EF51C65604200DF6404 /* MyToDoAppUITests.xctest */,
			);
			name = Products;
			sourceTree = "<group>";
		};
		3DDA1ED81C65604200DF6404 /* MyToDoApp */ = {
			isa = PBXGroup;
			children = (
				3DDA1F071C65612200DF6404 /* Global */,
				3DDA1F0A1C65615600DF6404 /* Controllers */,
				3DDA1F0B1C65615D00DF6404 /* Protocols */,
				3DDA1F081C65614400DF6404 /* Models */,
				3DDA1F091C65614E00DF6404 /* Views */,
			);
			path = MyToDoApp;
			sourceTree = "<group>";
		};
		3DDA1EED1C65604200DF6404 /* MyToDoAppTests */ = {
			isa = PBXGroup;
			children = (
				3DDA1EEE1C65604200DF6404 /* MyToDoAppTests.swift */,
				3DDA1EF01C65604200DF6404 /* Info.plist */,
			);
			path = MyToDoAppTests;
			sourceTree = "<group>";
		};
		3DDA1EF81C65604200DF6404 /* MyToDoAppUITests */ = {
			isa = PBXGroup;
			children = (
				3DDA1EF91C65604200DF6404 /* MyToDoAppUITests.swift */,
				3DDA1EFB1C65604200DF6404 /* Info.plist */,
			);
			path = MyToDoAppUITests;
			sourceTree = "<group>";
		};
		3DDA1F071C65612200DF6404 /* Global */ = {
			isa = PBXGroup;
			children = (
				3DDA1EE51C65604200DF6404 /* Info.plist */,
				3DDA1EE01C65604200DF6404 /* Assets.xcassets */,
				3DDA1ED91C65604200DF6404 /* AppDelegate.swift */,
			);
			name = Global;
			sourceTree = "<group>";
		};
		3DDA1F081C65614400DF6404 /* Models */ = {
			isa = PBXGroup;
			children = (
				3DDA1F141C65622D00DF6404 /* Store.swift */,
				3DDA1F121C65621F00DF6404 /* ToDoItems.swift */,
				3DDA1F101C65620500DF6404 /* BaseClass.swift */,
			);
			name = Models;
			sourceTree = "<group>";
		};
		3DDA1F091C65614E00DF6404 /* Views */ = {
			isa = PBXGroup;
			children = (
				3DDA1EE21C65604200DF6404 /* LaunchScreen.storyboard */,
				3DDA1EDD1C65604200DF6404 /* Main.storyboard */,
			);
			name = Views;
			sourceTree = "<group>";
		};
		3DDA1F0A1C65615600DF6404 /* Controllers */ = {
			isa = PBXGroup;
			children = (
				3D11E8101C6563120012E981 /* HomeViewController.swift */,
				3D11E8121C65631A0012E981 /* NewItemViewController.swift */,
			);
			name = Controllers;
			sourceTree = "<group>";
		};
		3DDA1F0B1C65615D00DF6404 /* Protocols */ = {
			isa = PBXGroup;
			children = (
				3DDA1F161C6562A200DF6404 /* ObjectsProtocol.swift */,
				3D04F1641C67E4AA0012A93B /* Additions.swift */,
			);
			name = Protocols;
			sourceTree = "<group>";
		};
/* End PBXGroup section */

/* Begin PBXNativeTarget section */
		3DDA1ED51C65604200DF6404 /* MyToDoApp */ = {
			isa = PBXNativeTarget;
			buildConfigurationList = 3DDA1EFE1C65604200DF6404 /* Build configuration list for PBXNativeTarget "MyToDoApp" */;
			buildPhases = (
				3DDA1ED21C65604200DF6404 /* Sources */,
				3DDA1ED31C65604200DF6404 /* Frameworks */,
				3DDA1ED41C65604200DF6404 /* Resources */,
			);
			buildRules = (
			);
			dependencies = (
			);
			name = MyToDoApp;
			productName = MyToDoApp;
			productReference = 3DDA1ED61C65604200DF6404 /* MyToDoApp.app */;
			productType = "com.apple.product-type.application";
		};
		3DDA1EE91C65604200DF6404 /* MyToDoAppTests */ = {
			isa = PBXNativeTarget;
			buildConfigurationList = 3DDA1F011C65604200DF6404 /* Build configuration list for PBXNativeTarget "MyToDoAppTests" */;
			buildPhases = (
				3DDA1EE61C65604200DF6404 /* Sources */,
				3DDA1EE71C65604200DF6404 /* Frameworks */,
				3DDA1EE81C65604200DF6404 /* Resources */,
			);
			buildRules = (
			);
			dependencies = (
				3DDA1EEC1C65604200DF6404 /* PBXTargetDependency */,
			);
			name = MyToDoAppTests;
			productName = MyToDoAppTests;
			productReference = 3DDA1EEA1C65604200DF6404 /* MyToDoAppTests.xctest */;
			productType = "com.apple.product-type.bundle.unit-test";
		};
		3DDA1EF41C65604200DF6404 /* MyToDoAppUITests */ = {
			isa = PBXNativeTarget;
			buildConfigurationList = 3DDA1F041C65604200DF6404 /* Build configuration list for PBXNativeTarget "MyToDoAppUITests" */;
			buildPhases = (
				3DDA1EF11C65604200DF6404 /* Sources */,
				3DDA1EF21C65604200DF6404 /* Frameworks */,
				3DDA1EF31C65604200DF6404 /* Resources */,
			);
			buildRules = (
			);
			dependencies = (
				3DDA1EF71C65604200DF6404 /* PBXTargetDependency */,
			);
			name = MyToDoAppUITests;
			productName = MyToDoAppUITests;
			productReference = 3DDA1EF51C65604200DF6404 /* MyToDoAppUITests.xctest */;
			productType = "com.apple.product-type.bundle.ui-testing";
		};
/* End PBXNativeTarget section */

/* Begin PBXProject section */
		3DDA1ECE1C65604200DF6404 /* Project object */ = {
			isa = PBXProject;
			attributes = {
				LastSwiftUpdateCheck = 0720;
				LastUpgradeCheck = 0720;
				ORGANIZATIONNAME = "Cynthia Whitlatch";
				TargetAttributes = {
					3DDA1ED51C65604200DF6404 = {
						CreatedOnToolsVersion = 7.2.1;
					};
					3DDA1EE91C65604200DF6404 = {
						CreatedOnToolsVersion = 7.2.1;
						TestTargetID = 3DDA1ED51C65604200DF6404;
					};
					3DDA1EF41C65604200DF6404 = {
						CreatedOnToolsVersion = 7.2.1;
						TestTargetID = 3DDA1ED51C65604200DF6404;
					};
				};
			};
			buildConfigurationList = 3DDA1ED11C65604200DF6404 /* Build configuration list for PBXProject "MyToDoApp" */;
			compatibilityVersion = "Xcode 3.2";
			developmentRegion = English;
			hasScannedForEncodings = 0;
			knownRegions = (
				en,
				Base,
			);
			mainGroup = 3DDA1ECD1C65604200DF6404;
			productRefGroup = 3DDA1ED71C65604200DF6404 /* Products */;
			projectDirPath = "";
			projectRoot = "";
			targets = (
				3DDA1ED51C65604200DF6404 /* MyToDoApp */,
				3DDA1EE91C65604200DF6404 /* MyToDoAppTests */,
				3DDA1EF41C65604200DF6404 /* MyToDoAppUITests */,
			);
		};
/* End PBXProject section */

/* Begin PBXResourcesBuildPhase section */
		3DDA1ED41C65604200DF6404 /* Resources */ = {
			isa = PBXResourcesBuildPhase;
			buildActionMask = 2147483647;
			files = (
				3DDA1EE41C65604200DF6404 /* LaunchScreen.storyboard in Resources */,
				3DDA1EE11C65604200DF6404 /* Assets.xcassets in Resources */,
				3DDA1EDF1C65604200DF6404 /* Main.storyboard in Resources */,
			);
			runOnlyForDeploymentPostprocessing = 0;
		};
		3DDA1EE81C65604200DF6404 /* Resources */ = {
			isa = PBXResourcesBuildPhase;
			buildActionMask = 2147483647;
			files = (
			);
			runOnlyForDeploymentPostprocessing = 0;
		};
		3DDA1EF31C65604200DF6404 /* Resources */ = {
			isa = PBXResourcesBuildPhase;
			buildActionMask = 2147483647;
			files = (
			);
			runOnlyForDeploymentPostprocessing = 0;
		};
/* End PBXResourcesBuildPhase section */

/* Begin PBXSourcesBuildPhase section */
		3DDA1ED21C65604200DF6404 /* Sources */ = {
			isa = PBXSourcesBuildPhase;
			buildActionMask = 2147483647;
			files = (
				3DDA1EDA1C65604200DF6404 /* AppDelegate.swift in Sources */,
				3D04F1651C67E4AA0012A93B /* Additions.swift in Sources */,
				3DDA1F111C65620500DF6404 /* BaseClass.swift in Sources */,
				3DDA1F131C65621F00DF6404 /* ToDoItems.swift in Sources */,
				3DDA1F171C6562A200DF6404 /* ObjectsProtocol.swift in Sources */,
				3D11E8111C6563120012E981 /* HomeViewController.swift in Sources */,
				3D11E8131C65631A0012E981 /* NewItemViewController.swift in Sources */,
				3DDA1F151C65622D00DF6404 /* Store.swift in Sources */,
			);
			runOnlyForDeploymentPostprocessing = 0;
		};
		3DDA1EE61C65604200DF6404 /* Sources */ = {
			isa = PBXSourcesBuildPhase;
			buildActionMask = 2147483647;
			files = (
				3DDA1EEF1C65604200DF6404 /* MyToDoAppTests.swift in Sources */,
			);
			runOnlyForDeploymentPostprocessing = 0;
		};
		3DDA1EF11C65604200DF6404 /* Sources */ = {
			isa = PBXSourcesBuildPhase;
			buildActionMask = 2147483647;
			files = (
				3DDA1EFA1C65604200DF6404 /* MyToDoAppUITests.swift in Sources */,
			);
			runOnlyForDeploymentPostprocessing = 0;
		};
/* End PBXSourcesBuildPhase section */

/* Begin PBXTargetDependency section */
		3DDA1EEC1C65604200DF6404 /* PBXTargetDependency */ = {
			isa = PBXTargetDependency;
			target = 3DDA1ED51C65604200DF6404 /* MyToDoApp */;
			targetProxy = 3DDA1EEB1C65604200DF6404 /* PBXContainerItemProxy */;
		};
		3DDA1EF71C65604200DF6404 /* PBXTargetDependency */ = {
			isa = PBXTargetDependency;
			target = 3DDA1ED51C65604200DF6404 /* MyToDoApp */;
			targetProxy = 3DDA1EF61C65604200DF6404 /* PBXContainerItemProxy */;
		};
/* End PBXTargetDependency section */

/* Begin PBXVariantGroup section */
		3DDA1EDD1C65604200DF6404 /* Main.storyboard */ = {
			isa = PBXVariantGroup;
			children = (
				3DDA1EDE1C65604200DF6404 /* Base */,
			);
			name = Main.storyboard;
			sourceTree = "<group>";
		};
		3DDA1EE21C65604200DF6404 /* LaunchScreen.storyboard */ = {
			isa = PBXVariantGroup;
			children = (
				3DDA1EE31C65604200DF6404 /* Base */,
			);
			name = LaunchScreen.storyboard;
			sourceTree = "<group>";
		};
/* End PBXVariantGroup section */

/* Begin XCBuildConfiguration section */
		3DDA1EFC1C65604200DF6404 /* Debug */ = {
			isa = XCBuildConfiguration;
			buildSettings = {
				ALWAYS_SEARCH_USER_PATHS = NO;
				CLANG_CXX_LANGUAGE_STANDARD = "gnu++0x";
				CLANG_CXX_LIBRARY = "libc++";
				CLANG_ENABLE_MODULES = YES;
				CLANG_ENABLE_OBJC_ARC = YES;
				CLANG_WARN_BOOL_CONVERSION = YES;
				CLANG_WARN_CONSTANT_CONVERSION = YES;
				CLANG_WARN_DIRECT_OBJC_ISA_USAGE = YES_ERROR;
				CLANG_WARN_EMPTY_BODY = YES;
				CLANG_WARN_ENUM_CONVERSION = YES;
				CLANG_WARN_INT_CONVERSION = YES;
				CLANG_WARN_OBJC_ROOT_CLASS = YES_ERROR;
				CLANG_WARN_UNREACHABLE_CODE = YES;
				CLANG_WARN__DUPLICATE_METHOD_MATCH = YES;
				"CODE_SIGN_IDENTITY[sdk=iphoneos*]" = "iPhone Developer";
				COPY_PHASE_STRIP = NO;
				DEBUG_INFORMATION_FORMAT = dwarf;
				ENABLE_STRICT_OBJC_MSGSEND = YES;
				ENABLE_TESTABILITY = YES;
				GCC_C_LANGUAGE_STANDARD = gnu99;
				GCC_DYNAMIC_NO_PIC = NO;
				GCC_NO_COMMON_BLOCKS = YES;
				GCC_OPTIMIZATION_LEVEL = 0;
				GCC_PREPROCESSOR_DEFINITIONS = (
					"DEBUG=1",
					"$(inherited)",
				);
				GCC_WARN_64_TO_32_BIT_CONVERSION = YES;
				GCC_WARN_ABOUT_RETURN_TYPE = YES_ERROR;
				GCC_WARN_UNDECLARED_SELECTOR = YES;
				GCC_WARN_UNINITIALIZED_AUTOS = YES_AGGRESSIVE;
				GCC_WARN_UNUSED_FUNCTION = YES;
				GCC_WARN_UNUSED_VARIABLE = YES;
				IPHONEOS_DEPLOYMENT_TARGET = 9.2;
				MTL_ENABLE_DEBUG_INFO = YES;
				ONLY_ACTIVE_ARCH = YES;
				SDKROOT = iphoneos;
				SWIFT_OPTIMIZATION_LEVEL = "-Onone";
				TARGETED_DEVICE_FAMILY = "1,2";
			};
			name = Debug;
		};
		3DDA1EFD1C65604200DF6404 /* Release */ = {
			isa = XCBuildConfiguration;
			buildSettings = {
				ALWAYS_SEARCH_USER_PATHS = NO;
				CLANG_CXX_LANGUAGE_STANDARD = "gnu++0x";
				CLANG_CXX_LIBRARY = "libc++";
				CLANG_ENABLE_MODULES = YES;
				CLANG_ENABLE_OBJC_ARC = YES;
				CLANG_WARN_BOOL_CONVERSION = YES;
				CLANG_WARN_CONSTANT_CONVERSION = YES;
				CLANG_WARN_DIRECT_OBJC_ISA_USAGE = YES_ERROR;
				CLANG_WARN_EMPTY_BODY = YES;
				CLANG_WARN_ENUM_CONVERSION = YES;
				CLANG_WARN_INT_CONVERSION = YES;
				CLANG_WARN_OBJC_ROOT_CLASS = YES_ERROR;
				CLANG_WARN_UNREACHABLE_CODE = YES;
				CLANG_WARN__DUPLICATE_METHOD_MATCH = YES;
				"CODE_SIGN_IDENTITY[sdk=iphoneos*]" = "iPhone Developer";
				COPY_PHASE_STRIP = NO;
				DEBUG_INFORMATION_FORMAT = "dwarf-with-dsym";
				ENABLE_NS_ASSERTIONS = NO;
				ENABLE_STRICT_OBJC_MSGSEND = YES;
				GCC_C_LANGUAGE_STANDARD = gnu99;
				GCC_NO_COMMON_BLOCKS = YES;
				GCC_WARN_64_TO_32_BIT_CONVERSION = YES;
				GCC_WARN_ABOUT_RETURN_TYPE = YES_ERROR;
				GCC_WARN_UNDECLARED_SELECTOR = YES;
				GCC_WARN_UNINITIALIZED_AUTOS = YES_AGGRESSIVE;
				GCC_WARN_UNUSED_FUNCTION = YES;
				GCC_WARN_UNUSED_VARIABLE = YES;
				IPHONEOS_DEPLOYMENT_TARGET = 9.2;
				MTL_ENABLE_DEBUG_INFO = NO;
				SDKROOT = iphoneos;
				TARGETED_DEVICE_FAMILY = "1,2";
				VALIDATE_PRODUCT = YES;
			};
			name = Release;
		};
		3DDA1EFF1C65604200DF6404 /* Debug */ = {
			isa = XCBuildConfiguration;
			buildSettings = {
				ASSETCATALOG_COMPILER_APPICON_NAME = AppIcon;
				INFOPLIST_FILE = MyToDoApp/Info.plist;
				IPHONEOS_DEPLOYMENT_TARGET = 8.4;
				LD_RUNPATH_SEARCH_PATHS = "$(inherited) @executable_path/Frameworks";
				PRODUCT_BUNDLE_IDENTIFIER = com.cynthia.whitlatch.MyToDoApp;
				PRODUCT_NAME = "$(TARGET_NAME)";
			};
			name = Debug;
		};
		3DDA1F001C65604200DF6404 /* Release */ = {
			isa = XCBuildConfiguration;
			buildSettings = {
				ASSETCATALOG_COMPILER_APPICON_NAME = AppIcon;
				INFOPLIST_FILE = MyToDoApp/Info.plist;
				IPHONEOS_DEPLOYMENT_TARGET = 8.4;
				LD_RUNPATH_SEARCH_PATHS = "$(inherited) @executable_path/Frameworks";
				PRODUCT_BUNDLE_IDENTIFIER = com.cynthia.whitlatch.MyToDoApp;
				PRODUCT_NAME = "$(TARGET_NAME)";
			};
			name = Release;
		};
		3DDA1F021C65604200DF6404 /* Debug */ = {
			isa = XCBuildConfiguration;
			buildSettings = {
				BUNDLE_LOADER = "$(TEST_HOST)";
				INFOPLIST_FILE = MyToDoAppTests/Info.plist;
				LD_RUNPATH_SEARCH_PATHS = "$(inherited) @executable_path/Frameworks @loader_path/Frameworks";
				PRODUCT_BUNDLE_IDENTIFIER = com.cynthia.whitlatch.MyToDoAppTests;
				PRODUCT_NAME = "$(TARGET_NAME)";
				TEST_HOST = "$(BUILT_PRODUCTS_DIR)/MyToDoApp.app/MyToDoApp";
			};
			name = Debug;
		};
		3DDA1F031C65604200DF6404 /* Release */ = {
			isa = XCBuildConfiguration;
			buildSettings = {
				BUNDLE_LOADER = "$(TEST_HOST)";
				INFOPLIST_FILE = MyToDoAppTests/Info.plist;
				LD_RUNPATH_SEARCH_PATHS = "$(inherited) @executable_path/Frameworks @loader_path/Frameworks";
				PRODUCT_BUNDLE_IDENTIFIER = com.cynthia.whitlatch.MyToDoAppTests;
				PRODUCT_NAME = "$(TARGET_NAME)";
				TEST_HOST = "$(BUILT_PRODUCTS_DIR)/MyToDoApp.app/MyToDoApp";
			};
			name = Release;
		};
		3DDA1F051C65604200DF6404 /* Debug */ = {
			isa = XCBuildConfiguration;
			buildSettings = {
				INFOPLIST_FILE = MyToDoAppUITests/Info.plist;
				LD_RUNPATH_SEARCH_PATHS = "$(inherited) @executable_path/Frameworks @loader_path/Frameworks";
				PRODUCT_BUNDLE_IDENTIFIER = com.cynthia.whitlatch.MyToDoAppUITests;
				PRODUCT_NAME = "$(TARGET_NAME)";
				TEST_TARGET_NAME = MyToDoApp;
				USES_XCTRUNNER = YES;
			};
			name = Debug;
		};
		3DDA1F061C65604200DF6404 /* Release */ = {
			isa = XCBuildConfiguration;
			buildSettings = {
				INFOPLIST_FILE = MyToDoAppUITests/Info.plist;
				LD_RUNPATH_SEARCH_PATHS = "$(inherited) @executable_path/Frameworks @loader_path/Frameworks";
				PRODUCT_BUNDLE_IDENTIFIER = com.cynthia.whitlatch.MyToDoAppUITests;
				PRODUCT_NAME = "$(TARGET_NAME)";
				TEST_TARGET_NAME = MyToDoApp;
				USES_XCTRUNNER = YES;
			};
			name = Release;
		};
/* End XCBuildConfiguration section */

/* Begin XCConfigurationList section */
		3DDA1ED11C65604200DF6404 /* Build configuration list for PBXProject "MyToDoApp" */ = {
			isa = XCConfigurationList;
			buildConfigurations = (
				3DDA1EFC1C65604200DF6404 /* Debug */,
				3DDA1EFD1C65604200DF6404 /* Release */,
			);
			defaultConfigurationIsVisible = 0;
			defaultConfigurationName = Release;
		};
		3DDA1EFE1C65604200DF6404 /* Build configuration list for PBXNativeTarget "MyToDoApp" */ = {
			isa = XCConfigurationList;
			buildConfigurations = (
				3DDA1EFF1C65604200DF6404 /* Debug */,
				3DDA1F001C65604200DF6404 /* Release */,
			);
			defaultConfigurationIsVisible = 0;
			defaultConfigurationName = Release;
		};
		3DDA1F011C65604200DF6404 /* Build configuration list for PBXNativeTarget "MyToDoAppTests" */ = {
			isa = XCConfigurationList;
			buildConfigurations = (
				3DDA1F021C65604200DF6404 /* Debug */,
				3DDA1F031C65604200DF6404 /* Release */,
			);
			defaultConfigurationIsVisible = 0;
			defaultConfigurationName = Release;
		};
		3DDA1F041C65604200DF6404 /* Build configuration list for PBXNativeTarget "MyToDoAppUITests" */ = {
			isa = XCConfigurationList;
			buildConfigurations = (
				3DDA1F051C65604200DF6404 /* Debug */,
				3DDA1F061C65604200DF6404 /* Release */,
			);
			defaultConfigurationIsVisible = 0;
			defaultConfigurationName = Release;
		};
/* End XCConfigurationList section */
	};
	rootObject = 3DDA1ECE1C65604200DF6404 /* Project object */;
}
